{
    "requires": true,
    "lockfileVersion": 1,
    "dependencies": {
        "@babel/runtime-corejs3": {
            "version": "7.12.5",
            "resolved": "https://registry.npmjs.org/@babel/runtime-corejs3/-/runtime-corejs3-7.12.5.tgz",
            "integrity": "sha512-roGr54CsTmNPPzZoCP1AmDXuBoNao7tnSA83TXTwt+UK5QVyh1DIJnrgYRPWKCF2flqZQXwa7Yr8v7VmLzF0YQ==",
            "optional": true,
            "requires": {
                "core-js-pure": "^3.0.0",
                "regenerator-runtime": "^0.13.4"
            }
        },
        "@types/json-schema": {
            "version": "7.0.6",
            "resolved": "https://registry.npmjs.org/@types/json-schema/-/json-schema-7.0.6.tgz",
            "integrity": "sha512-3c+yGKvVP5Y9TYBEibGNR+kLtijnj7mYrXRg+WpFb2X9xm04g/DXYkfg4hmzJQosc9snFNUPkbYIhu+KAm6jJw=="
        },
        "@types/raf": {
            "version": "3.4.0",
            "resolved": "https://registry.npmjs.org/@types/raf/-/raf-3.4.0.tgz",
            "integrity": "sha512-taW5/WYqo36N7V39oYyHP9Ipfd5pNFvGTIQsNGj86xV88YQ7GnI30/yMfKDF7Zgin0m3e+ikX88FvImnK4RjGw==",
            "optional": true
        },
        "ajv": {
            "version": "6.12.6",
            "resolved": "https://registry.npmjs.org/ajv/-/ajv-6.12.6.tgz",
            "integrity": "sha512-j3fVLgvTo527anyYyJOGTYJbG+vnnQYvE0m5mmkc1TK+nxAppkCLMIL0aZ4dblVCNoGShhm+kzE4ZUykBoMg4g==",
            "requires": {
                "fast-deep-equal": "^3.1.1",
                "fast-json-stable-stringify": "^2.0.0",
                "json-schema-traverse": "^0.4.1",
                "uri-js": "^4.2.2"
            }
        },
        "ajv-keywords": {
            "version": "3.5.2",
            "resolved": "https://registry.npmjs.org/ajv-keywords/-/ajv-keywords-3.5.2.tgz",
            "integrity": "sha512-5p6WTN0DdTGVQk6VjcEju19IgaHudalcfabD7yhDGeA6bcQnmL+CpveLJq/3hvfwd1aof6L386Ougkx6RfyMIQ=="
        },
        "anymatch": {
            "version": "3.1.1",
            "resolved": "https://registry.npmjs.org/anymatch/-/anymatch-3.1.1.tgz",
            "integrity": "sha512-mM8522psRCqzV+6LhomX5wgp25YVibjh8Wj23I5RPkPppSVSjyKD2A2mBJmWGa+KN7f2D6LNh9jkBCeyLktzjg==",
            "requires": {
                "normalize-path": "^3.0.0",
                "picomatch": "^2.0.4"
            }
        },
        "atob": {
            "version": "2.1.2",
            "resolved": "https://registry.npmjs.org/atob/-/atob-2.1.2.tgz",
            "integrity": "sha512-Wm6ukoaOGJi/73p/cl2GvLjTI5JM1k/O14isD73YML8StrH/7/lRFgmg8nICZgD3bZZvjwCGxtMOD3wWNAu8cg=="
        },
        "base64-arraybuffer": {
            "version": "0.2.0",
            "resolved": "https://registry.npmjs.org/base64-arraybuffer/-/base64-arraybuffer-0.2.0.tgz",
            "integrity": "sha512-7emyCsu1/xiBXgQZrscw/8KPRT44I4Yq9Pe6EGs3aPRTsWuggML1/1DTuZUuIaJPIm1FTDUVXl4x/yW8s0kQDQ==",
            "optional": true
        },
        "big.js": {
            "version": "5.2.2",
            "resolved": "https://registry.npmjs.org/big.js/-/big.js-5.2.2.tgz",
            "integrity": "sha512-vyL2OymJxmarO8gxMr0mhChsO9QGwhynfuu4+MHTAW6czfq9humCB7rKpUjDd9YUiDPU4mzpyupFSvOClAwbmQ=="
        },
        "binary-extensions": {
            "version": "2.1.0",
            "resolved": "https://registry.npmjs.org/binary-extensions/-/binary-extensions-2.1.0.tgz",
            "integrity": "sha512-1Yj8h9Q+QDF5FzhMs/c9+6UntbD5MkRfRwac8DoEm9ZfUBZ7tZ55YcGVAzEe4bXsdQHEk+s9S5wsOKVdZrw0tQ=="
        },
        "bootstrap-sass": {
            "version": "3.4.1",
            "resolved": "https://registry.npmjs.org/bootstrap-sass/-/bootstrap-sass-3.4.1.tgz",
            "integrity": "sha512-p5rxsK/IyEDQm2CwiHxxUi0MZZtvVFbhWmyMOt4lLkA4bujDA1TGoKT0i1FKIWiugAdP+kK8T5KMDFIKQCLYIA=="
        },
        "braces": {
            "version": "3.0.2",
            "resolved": "https://registry.npmjs.org/braces/-/braces-3.0.2.tgz",
            "integrity": "sha512-b8um+L1RzM3WDSzvhm6gIz1yfTbBt6YTlcEKAvsmqCZZFw46z626lVj9j1yEPW33H5H+lBQpZMP1k8l+78Ha0A==",
            "requires": {
                "fill-range": "^7.0.1"
            }
        },
        "btoa": {
            "version": "1.2.1",
            "resolved": "https://registry.npmjs.org/btoa/-/btoa-1.2.1.tgz",
            "integrity": "sha512-SB4/MIGlsiVkMcHmT+pSmIPoNDoHg+7cMzmt3Uxt628MTz2487DKSqK/fuhFBrkuqrYv5UCEnACpF4dTFNKc/g=="
        },
        "canvg": {
            "version": "3.0.7",
            "resolved": "https://registry.npmjs.org/canvg/-/canvg-3.0.7.tgz",
            "integrity": "sha512-4sq6iL5Q4VOXS3PL1BapiXIZItpxYyANVzsAKpTPS5oq4u3SKbGfUcbZh2gdLCQ3jWpG/y5wRkMlBBAJhXeiZA==",
            "optional": true,
            "requires": {
                "@babel/runtime-corejs3": "^7.9.6",
                "@types/raf": "^3.4.0",
                "raf": "^3.4.1",
                "rgbcolor": "^1.0.1",
                "stackblur-canvas": "^2.0.0",
                "svg-pathdata": "^5.0.5"
            }
        },
        "chokidar": {
            "version": "3.4.3",
            "resolved": "https://registry.npmjs.org/chokidar/-/chokidar-3.4.3.tgz",
            "integrity": "sha512-DtM3g7juCXQxFVSNPNByEC2+NImtBuxQQvWlHunpJIS5Ocr0lG306cC7FCi7cEA0fzmybPUIl4txBIobk1gGOQ==",
            "requires": {
                "anymatch": "~3.1.1",
                "braces": "~3.0.2",
                "fsevents": "~2.1.2",
                "glob-parent": "~5.1.0",
                "is-binary-path": "~2.1.0",
                "is-glob": "~4.0.1",
                "normalize-path": "~3.0.0",
                "readdirp": "~3.5.0"
            }
        },
        "core-js": {
            "version": "3.8.0",
            "resolved": "https://registry.npmjs.org/core-js/-/core-js-3.8.0.tgz",
            "integrity": "sha512-W2VYNB0nwQQE7tKS7HzXd7r2y/y2SVJl4ga6oH/dnaLFzM0o2lB2P3zCkWj5Wc/zyMYjtgd5Hmhk0ObkQFZOIA==",
            "optional": true
        },
        "core-js-pure": {
            "version": "3.8.0",
            "resolved": "https://registry.npmjs.org/core-js-pure/-/core-js-pure-3.8.0.tgz",
            "integrity": "sha512-fRjhg3NeouotRoIV0L1FdchA6CK7ZD+lyINyMoz19SyV+ROpC4noS1xItWHFtwZdlqfMfVPJEyEGdfri2bD1pA==",
            "optional": true
        },
        "css-line-break": {
            "version": "1.1.1",
            "resolved": "https://registry.npmjs.org/css-line-break/-/css-line-break-1.1.1.tgz",
            "integrity": "sha512-1feNVaM4Fyzdj4mKPIQNL2n70MmuYzAXZ1aytlROFX1JsOo070OsugwGjj7nl6jnDJWHDM8zRZswkmeYVWZJQA==",
            "optional": true,
            "requires": {
                "base64-arraybuffer": "^0.2.0"
            }
        },
        "de-indent": {
            "version": "1.0.2",
            "resolved": "https://registry.npmjs.org/de-indent/-/de-indent-1.0.2.tgz",
            "integrity": "sha1-sgOOhG3DO6pXlhKNCAS0VbjB4h0="
        },
        "dompurify": {
            "version": "2.2.2",
            "resolved": "https://registry.npmjs.org/dompurify/-/dompurify-2.2.2.tgz",
            "integrity": "sha512-BsGR4nDLaC5CNBnyT5I+d5pOeaoWvgVeg6Gq/aqmKYWMPR07131u60I80BvExLAJ0FQEIBQ1BTicw+C5+jOyrg==",
            "optional": true
        },
        "emojis-list": {
            "version": "3.0.0",
            "resolved": "https://registry.npmjs.org/emojis-list/-/emojis-list-3.0.0.tgz",
            "integrity": "sha512-/kyM18EfinwXZbno9FyUGeFh87KC8HRQBQGildHZbEuRyWFOmv1U10o9BBp8XVZDVNNuQKyIGIu5ZYAAXJ0V2Q=="
        },
        "fast-deep-equal": {
            "version": "3.1.3",
            "resolved": "https://registry.npmjs.org/fast-deep-equal/-/fast-deep-equal-3.1.3.tgz",
            "integrity": "sha512-f3qQ9oQy9j2AhBe/H9VC91wLmKBCCU/gDOnKNAYG5hswO7BLKj09Hc5HYNz9cGI++xlpDCIgDaitVs03ATR84Q=="
        },
        "fast-json-stable-stringify": {
            "version": "2.1.0",
            "resolved": "https://registry.npmjs.org/fast-json-stable-stringify/-/fast-json-stable-stringify-2.1.0.tgz",
            "integrity": "sha512-lhd/wF+Lk98HZoTCtlVraHtfh5XYijIjalXck7saUtuanSDyLMxnHhSXEDJqHxD7msR8D0uCmqlkwjCV8xvwHw=="
        },
        "fill-range": {
            "version": "7.0.1",
            "resolved": "https://registry.npmjs.org/fill-range/-/fill-range-7.0.1.tgz",
            "integrity": "sha512-qOo9F+dMUmC2Lcb4BbVvnKJxTPjCm+RRpe4gDuGrzkL7mEVl/djYSu2OdQ2Pa302N4oqkSg9ir6jaLWJ2USVpQ==",
            "requires": {
                "to-regex-range": "^5.0.1"
            }
        },
        "fsevents": {
            "version": "2.1.3",
            "resolved": "https://registry.npmjs.org/fsevents/-/fsevents-2.1.3.tgz",
            "integrity": "sha512-Auw9a4AxqWpa9GUfj370BMPzzyncfBABW8Mab7BGWBYDj4Isgq+cDKtx0i6u9jcX9pQDnswsaaOTgTmA5pEjuQ==",
            "optional": true
        },
        "glob-parent": {
            "version": "5.1.1",
            "resolved": "https://registry.npmjs.org/glob-parent/-/glob-parent-5.1.1.tgz",
            "integrity": "sha512-FnI+VGOpnlGHWZxthPGR+QhR78fuiK0sNLkHQv+bL9fQi57lNNdquIbna/WrfROrolq8GK5Ek6BiMwqL/voRYQ==",
            "requires": {
                "is-glob": "^4.0.1"
            }
        },
        "he": {
            "version": "1.2.0",
            "resolved": "https://registry.npmjs.org/he/-/he-1.2.0.tgz",
            "integrity": "sha512-F/1DnUGPopORZi0ni+CvrCgHQ5FyEAHRLSApuYWMmrbSwoN2Mn/7k+Gl38gJnR7yyDZk6WLXwiGod1JOWNDKGw=="
        },
        "html2canvas": {
            "version": "1.0.0-rc.7",
            "resolved": "https://registry.npmjs.org/html2canvas/-/html2canvas-1.0.0-rc.7.tgz",
            "integrity": "sha512-yvPNZGejB2KOyKleZspjK/NruXVQuowu8NnV2HYG7gW7ytzl+umffbtUI62v2dCHQLDdsK6HIDtyJZ0W3neerA==",
            "optional": true,
            "requires": {
                "css-line-break": "1.1.1"
            }
        },
        "is-binary-path": {
            "version": "2.1.0",
            "resolved": "https://registry.npmjs.org/is-binary-path/-/is-binary-path-2.1.0.tgz",
            "integrity": "sha512-ZMERYes6pDydyuGidse7OsHxtbI7WVeUEozgR/g7rd0xUimYNlvZRE/K2MgZTjWy725IfelLeVcEM97mmtRGXw==",
            "requires": {
                "binary-extensions": "^2.0.0"
            }
        },
        "is-extglob": {
            "version": "2.1.1",
            "resolved": "https://registry.npmjs.org/is-extglob/-/is-extglob-2.1.1.tgz",
            "integrity": "sha1-qIwCU1eR8C7TfHahueqXc8gz+MI="
        },
        "is-glob": {
            "version": "4.0.1",
            "resolved": "https://registry.npmjs.org/is-glob/-/is-glob-4.0.1.tgz",
            "integrity": "sha512-5G0tKtBTFImOqDnLB2hG6Bp2qcKEFduo4tZu9MT/H6NQv/ghhy30o55ufafxJ/LdH79LLs2Kfrn85TLKyA7BUg==",
            "requires": {
                "is-extglob": "^2.1.1"
            }
        },
        "is-number": {
            "version": "7.0.0",
            "resolved": "https://registry.npmjs.org/is-number/-/is-number-7.0.0.tgz",
            "integrity": "sha512-41Cifkg6e8TylSpdtTpeLVMqvSBEVzTttHvERD741+pnZ8ANv0004MRL43QKPDlK9cGvNp6NZWZUBlbGXYxxng=="
        },
        "jquery": {
            "version": "3.5.1",
            "resolved": "https://registry.npmjs.org/jquery/-/jquery-3.5.1.tgz",
            "integrity": "sha512-XwIBPqcMn57FxfT+Go5pzySnm4KWkT1Tv7gjrpT1srtf8Weynl6R273VJ5GjkRb51IzMp5nbaPjJXMWeju2MKg=="
        },
        "jsbarcode": {
            "version": "3.11.3",
            "resolved": "https://registry.npmjs.org/jsbarcode/-/jsbarcode-3.11.3.tgz",
            "integrity": "sha512-TsoeHL/0ASvKE3+sbLuTkT2cGvDV/MsQAQVuGf/1EWKe7SXNYlyzW/3TFeAmqJg/Fhz6pPgrci8o5hR+Ej59Jw=="
        },
        "json-schema-traverse": {
            "version": "0.4.1",
            "resolved": "https://registry.npmjs.org/json-schema-traverse/-/json-schema-traverse-0.4.1.tgz",
            "integrity": "sha512-xbbCH5dCYU5T8LcEhhuh7HJ88HXuW3qsI3Y0zOZFKfZEHcpWiHU/Jxzk629Brsab/mMiHQti9wMP+845RPe3Vg=="
        },
        "json5": {
            "version": "2.1.3",
            "resolved": "https://registry.npmjs.org/json5/-/json5-2.1.3.tgz",
            "integrity": "sha512-KXPvOm8K9IJKFM0bmdn8QXh7udDh1g/giieX0NLCaMnb4hEiVFqnop2ImTXCc5e0/oHz3LTqmHGtExn5hfMkOA==",
            "requires": {
                "minimist": "^1.2.5"
            }
        },
        "jspdf": {
            "version": "2.1.1",
            "resolved": "https://registry.npmjs.org/jspdf/-/jspdf-2.1.1.tgz",
            "integrity": "sha512-aEZmTr8SgR7Dy2zjFLu6pbg93urA7nZdbS3MIAXs8PSXn1ee7LSpm0JVMYZ+0qS6ZIUI5NriFSTdpVI4QArAXQ==",
            "requires": {
                "atob": "^2.1.2",
                "btoa": "^1.2.1",
                "canvg": "^3.0.6",
                "core-js": "^3.6.0",
                "dompurify": "^2.0.12",
                "html2canvas": "^1.0.0-rc.5"
            }
        },
        "jspdf-autotable": {
            "version": "3.5.13",
            "resolved": "https://registry.npmjs.org/jspdf-autotable/-/jspdf-autotable-3.5.13.tgz",
            "integrity": "sha512-0oF5eHefuBjlKm60tNpPMmMS2oDNhY5U7vPkMh+s4/JZbnSjsmcUcP4j2r3k0sDvQz4ysmAi3MoOii9niJn7Og=="
        },
        "klona": {
            "version": "2.0.4",
            "resolved": "https://registry.npmjs.org/klona/-/klona-2.0.4.tgz",
            "integrity": "sha512-ZRbnvdg/NxqzC7L9Uyqzf4psi1OM4Cuc+sJAkQPjO6XkQIJTNbfK2Rsmbw8fx1p2mkZdp2FZYo2+LwXYY/uwIA=="
        },
        "loader-utils": {
            "version": "2.0.0",
            "resolved": "https://registry.npmjs.org/loader-utils/-/loader-utils-2.0.0.tgz",
            "integrity": "sha512-rP4F0h2RaWSvPEkD7BLDFQnvSf+nK+wr3ESUjNTyAGobqrijmW92zc+SO6d4p4B1wh7+B/Jg1mkQe5NYUEHtHQ==",
            "requires": {
                "big.js": "^5.2.2",
                "emojis-list": "^3.0.0",
                "json5": "^2.1.2"
            }
        },
        "minimist": {
            "version": "1.2.5",
            "resolved": "https://registry.npmjs.org/minimist/-/minimist-1.2.5.tgz",
            "integrity": "sha512-FM9nNUYrRBAELZQT3xeZQ7fmMOBg6nWNmJKTcgsJeaLstP/UODVpGsr5OhXhhXg6f+qtJ8uiZ+PUxkDWcgIXLw=="
        },
        "neo-async": {
            "version": "2.6.2",
            "resolved": "https://registry.npmjs.org/neo-async/-/neo-async-2.6.2.tgz",
            "integrity": "sha512-Yd3UES5mWCSqR+qNT93S3UoYUkqAZ9lLg8a7g9rimsWmYGK8cVToA4/sF3RrshdyV3sAGMXVUmpMYOw+dLpOuw=="
        },
        "normalize-path": {
            "version": "3.0.0",
            "resolved": "https://registry.npmjs.org/normalize-path/-/normalize-path-3.0.0.tgz",
            "integrity": "sha512-6eZs5Ls3WtCisHWp9S2GUy8dqkpGi4BVSz3GaqiE6ezub0512ESztXUwUB6C6IKbQkY2Pnb/mD4WYojCRwcwLA=="
        },
        "performance-now": {
            "version": "2.1.0",
            "resolved": "https://registry.npmjs.org/performance-now/-/performance-now-2.1.0.tgz",
            "integrity": "sha1-Ywn04OX6kT7BxpMHrjZLSzd8nns=",
            "optional": true
        },
        "picomatch": {
            "version": "2.2.2",
            "resolved": "https://registry.npmjs.org/picomatch/-/picomatch-2.2.2.tgz",
            "integrity": "sha512-q0M/9eZHzmr0AulXyPwNfZjtwZ/RBZlbN3K3CErVrk50T2ASYI7Bye0EvekFY3IP1Nt2DHu0re+V2ZHIpMkuWg=="
        },
        "popper.js": {
            "version": "1.16.1",
            "resolved": "https://registry.npmjs.org/popper.js/-/popper.js-1.16.1.tgz",
            "integrity": "sha512-Wb4p1J4zyFTbM+u6WuO4XstYx4Ky9Cewe4DWrel7B0w6VVICvPwdOpotjzcf6eD8TsckVnIMNONQyPIUFOUbCQ=="
        },
        "punycode": {
            "version": "2.1.1",
            "resolved": "https://registry.npmjs.org/punycode/-/punycode-2.1.1.tgz",
            "integrity": "sha512-XRsRjdf+j5ml+y/6GKHPZbrF/8p2Yga0JPtdqTIY2Xe5ohJPD9saDJJLPvp9+NSBprVvevdXZybnj2cv8OEd0A=="
        },
        "raf": {
            "version": "3.4.1",
            "resolved": "https://registry.npmjs.org/raf/-/raf-3.4.1.tgz",
            "integrity": "sha512-Sq4CW4QhwOHE8ucn6J34MqtZCeWFP2aQSmrlroYgqAV1PjStIhJXxYuTgUIfkEk7zTLjmIjLmU5q+fbD1NnOJA==",
            "optional": true,
            "requires": {
                "performance-now": "^2.1.0"
            }
        },
        "readdirp": {
            "version": "3.5.0",
            "resolved": "https://registry.npmjs.org/readdirp/-/readdirp-3.5.0.tgz",
            "integrity": "sha512-cMhu7c/8rdhkHXWsY+osBhfSy0JikwpHK/5+imo+LpeasTF8ouErHrlYkwT0++njiyuDvc7OFY5T3ukvZ8qmFQ==",
            "requires": {
                "picomatch": "^2.2.1"
            }
        },
        "regenerator-runtime": {
            "version": "0.13.7",
            "resolved": "https://registry.npmjs.org/regenerator-runtime/-/regenerator-runtime-0.13.7.tgz",
            "integrity": "sha512-a54FxoJDIr27pgf7IgeQGxmqUNYrcV338lf/6gH456HZ/PhX+5BcwHXG9ajESmwe6WRO0tAzRUrRmNONWgkrew==",
            "optional": true
        },
        "rgbcolor": {
            "version": "1.0.1",
            "resolved": "https://registry.npmjs.org/rgbcolor/-/rgbcolor-1.0.1.tgz",
            "integrity": "sha1-1lBezbMEplldom+ktDMHMGd1lF0=",
            "optional": true
        },
        "sass": {
            "version": "1.29.0",
            "resolved": "https://registry.npmjs.org/sass/-/sass-1.29.0.tgz",
            "integrity": "sha512-ZpwAUFgnvAUCdkjwPREny+17BpUj8nh5Yr6zKPGtLNTLrmtoRYIjm7njP24COhjJldjwW1dcv52Lpf4tNZVVRA==",
            "requires": {
                "chokidar": ">=2.0.0 <4.0.0"
            }
        },
        "sass-loader": {
            "version": "10.1.0",
            "resolved": "https://registry.npmjs.org/sass-loader/-/sass-loader-10.1.0.tgz",
            "integrity": "sha512-ZCKAlczLBbFd3aGAhowpYEy69Te3Z68cg8bnHHl6WnSCvnKpbM6pQrz957HWMa8LKVuhnD9uMplmMAHwGQtHeg==",
            "requires": {
                "klona": "^2.0.4",
                "loader-utils": "^2.0.0",
                "neo-async": "^2.6.2",
                "schema-utils": "^3.0.0",
                "semver": "^7.3.2"
            }
        },
        "schema-utils": {
            "version": "3.0.0",
            "resolved": "https://registry.npmjs.org/schema-utils/-/schema-utils-3.0.0.tgz",
            "integrity": "sha512-6D82/xSzO094ajanoOSbe4YvXWMfn2A//8Y1+MUqFAJul5Bs+yn36xbK9OtNDcRVSBJ9jjeoXftM6CfztsjOAA==",
            "requires": {
                "@types/json-schema": "^7.0.6",
                "ajv": "^6.12.5",
                "ajv-keywords": "^3.5.2"
            }
        },
        "semver": {
            "version": "7.3.2",
            "resolved": "https://registry.npmjs.org/semver/-/semver-7.3.2.tgz",
            "integrity": "sha512-OrOb32TeeambH6UrhtShmF7CRDqhL6/5XpPNp2DuRH6+9QLw/orhp72j87v8Qa1ScDkvrrBNpZcDejAirJmfXQ=="
        },
        "stackblur-canvas": {
            "version": "2.4.0",
            "resolved": "https://registry.npmjs.org/stackblur-canvas/-/stackblur-canvas-2.4.0.tgz",
            "integrity": "sha512-Z+HixfgYV0ss3C342DxPwc+UvN1SYWqoz7Wsi3xEDWEnaBkSCL3Ey21gF4io+WlLm8/RIrSnCrDBIEcH4O+q5Q==",
            "optional": true
        },
        "svg-pathdata": {
            "version": "5.0.5",
            "resolved": "https://registry.npmjs.org/svg-pathdata/-/svg-pathdata-5.0.5.tgz",
            "integrity": "sha512-TAAvLNSE3fEhyl/Da19JWfMAdhSXTYeviXsLSoDT1UM76ADj5ndwAPX1FKQEgB/gFMPavOy6tOqfalXKUiXrow==",
            "optional": true
        },
        "to-regex-range": {
            "version": "5.0.1",
            "resolved": "https://registry.npmjs.org/to-regex-range/-/to-regex-range-5.0.1.tgz",
            "integrity": "sha512-65P7iz6X5yEr1cwcgvQxbbIw7Uk3gOy5dIdtZ4rDveLqhrdJP+Li/Hx6tyK0NEb+2GCyneCMJiGqrADCSNk8sQ==",
            "requires": {
                "is-number": "^7.0.0"
            }
        },
        "uri-js": {
            "version": "4.4.0",
            "resolved": "https://registry.npmjs.org/uri-js/-/uri-js-4.4.0.tgz",
            "integrity": "sha512-B0yRTzYdUCCn9n+F4+Gh4yIDtMQcaJsmYBDsTSG8g/OejKBodLQ2IHfN3bM7jUsRXndopT7OIXWdYqc1fjmV6g==",
            "requires": {
                "punycode": "^2.1.0"
            }
        },
        "vue": {
            "version": "2.6.12",
            "resolved": "https://registry.npmjs.org/vue/-/vue-2.6.12.tgz",
            "integrity": "sha512-uhmLFETqPPNyuLLbsKz6ioJ4q7AZHzD8ZVFNATNyICSZouqP2Sz0rotWQC8UNBF6VGSCs5abnKJoStA6JbCbfg=="
        },
        "vue-barcode": {
            "version": "1.3.0",
            "resolved": "https://registry.npmjs.org/vue-barcode/-/vue-barcode-1.3.0.tgz",
            "integrity": "sha512-DxQ0hxes/dP6GajsJumpW6jV14VwlnTwStZbtE6G0wkewuJVDoDOdxUr5seGuxsMT9fJ0aty4X47Z5TG0M/gxg==",
            "requires": {
                "jsbarcode": "^3.5.8"
            }
        },
        "vue-select": {
            "version": "3.10.8",
            "resolved": "https://registry.npmjs.org/vue-select/-/vue-select-3.10.8.tgz",
            "integrity": "sha512-PnjtZWCTiSr04bs8ctPIiU41qnBK+oh/SOe6Pb4gElMMxofDFwUxiUe++mz0+84aTy4zrleGxtvVVyWbiPYBiw=="
        },
        "vue-template-compiler": {
            "version": "2.6.12",
            "resolved": "https://registry.npmjs.org/vue-template-compiler/-/vue-template-compiler-2.6.12.tgz",
            "integrity": "sha512-OzzZ52zS41YUbkCBfdXShQTe69j1gQDZ9HIX8miuC9C3rBCk9wIRjLiZZLrmX9V+Ftq/YEyv1JaVr5Y/hNtByg==",
            "requires": {
                "de-indent": "^1.0.2",
                "he": "^1.1.0"
            }
        },
        "vuex": {
            "version": "3.6.0",
            "resolved": "https://registry.npmjs.org/vuex/-/vuex-3.6.0.tgz",
            "integrity": "sha512-W74OO2vCJPs9/YjNjW8lLbj+jzT24waTo2KShI8jLvJW8OaIkgb3wuAMA7D+ZiUxDOx3ubwSZTaJBip9G8a3aQ=="
        }
    }
}
